
Microsoft Visual Studio Solution File, Format Version 12.00
# Visual Studio Version 17
VisualStudioVersion = 17.7.34031.279
MinimumVisualStudioVersion = 10.0.40219.1
Project("{FAE04EC0-301F-11D3-BF4B-00C04F79EFBC}") = "APICrudServer", "APICrudServer.csproj", "{411D935E-DB66-4AA0-9F9B-C2015E8C9CB4}"
EndProject
Global
	GlobalSection(SolutionConfigurationPlatforms) = preSolution
		Debug|Any CPU = Debug|Any CPU
		Release|Any CPU = Release|Any CPU
	EndGlobalSection
	GlobalSection(ProjectConfigurationPlatforms) = postSolution
		{411D935E-DB66-4AA0-9F9B-C2015E8C9CB4}.Debug|Any CPU.ActiveCfg = Debug|Any CPU
		{411D935E-DB66-4AA0-9F9B-C2015E8C9CB4}.Debug|Any CPU.Build.0 = Debug|Any CPU
		{411D935E-DB66-4AA0-9F9B-C2015E8C9CB4}.Release|Any CPU.ActiveCfg = Release|Any CPU
		{411D935E-DB66-4AA0-9F9B-C2015E8C9CB4}.Release|Any CPU.Build.0 = Release|Any CPU
	EndGlobalSection
	GlobalSection(SolutionProperties) = preSolution
		HideSolutionNode = FALSE
	EndGlobalSection
	GlobalSection(ExtensibilityGlobals) = postSolution
		SolutionGuid = {ED31D8DD-5282-4389-BAA1-ABC4DA00406D}
	EndGlobalSection
EndGlobal
